version = 1
revision = 3
requires-python = ">=3.12"

[[package]]
name = "brotli"
version = "1.2.0"
source = { registry = "https://pypi.org/simple" }
sdist = { url = "https://files.pythonhosted.org/packages/f7/16/c92ca344d646e71a43b8bb353f0a6490d7f6e06210f8554c8f874e454285/brotli-1.2.0.tar.gz", hash = "sha256:e310f77e41941c13340a95976fe66a8a95b01e783d430eeaf7a2f87e0a57dd0a", size = 7388632, upload-time = "2025-11-05T18:39:42.86Z" }
wheels = [
    { url = "https://files.pythonhosted.org/packages/11/ee/b0a11ab2315c69bb9b45a2aaed022499c9c24a205c3a49c3513b541a7967/brotli-1.2.0-cp312-cp312-macosx_10_13_universal2.whl", hash = "sha256:35d382625778834a7f3061b15423919aa03e4f5da34ac8e02c074e4b75ab4f84", size = 861543, upload-time = "2025-11-05T18:38:24.183Z" },
    { url = "https://files.pythonhosted.org/packages/e1/2f/29c1459513cd35828e25531ebfcbf3e92a5e49f560b1777a9af7203eb46e/brotli-1.2.0-cp312-cp312-macosx_10_13_x86_64.whl", hash = "sha256:7a61c06b334bd99bc5ae84f1eeb36bfe01400264b3c352f968c6e30a10f9d08b", size = 444288, upload-time = "2025-11-05T18:38:25.139Z" },
    { url = "https://files.pythonhosted.org/packages/3d/6f/feba03130d5fceadfa3a1bb102cb14650798c848b1df2a808356f939bb16/brotli-1.2.0-cp312-cp312-manylinux2014_aarch64.manylinux_2_17_aarch64.manylinux_2_28_aarch64.whl", hash = "sha256:acec55bb7c90f1dfc476126f9711a8e81c9af7fb617409a9ee2953115343f08d", size = 1528071, upload-time = "2025-11-05T18:38:26.081Z" },
    { url = "https://files.pythonhosted.org/packages/2b/38/f3abb554eee089bd15471057ba85f47e53a44a462cfce265d9bf7088eb09/brotli-1.2.0-cp312-cp312-manylinux2014_ppc64le.manylinux_2_17_ppc64le.manylinux_2_28_ppc64le.whl", hash = "sha256:260d3692396e1895c5034f204f0db022c056f9e2ac841593a4cf9426e2a3faca", size = 1626913, upload-time = "2025-11-05T18:38:27.284Z" },
    { url = "https://files.pythonhosted.org/packages/03/a7/03aa61fbc3c5cbf99b44d158665f9b0dd3d8059be16c460208d9e385c837/brotli-1.2.0-cp312-cp312-manylinux2014_x86_64.manylinux_2_17_x86_64.whl", hash = "sha256:072e7624b1fc4d601036ab3f4f27942ef772887e876beff0301d261210bca97f", size = 1419762, upload-time = "2025-11-05T18:38:28.295Z" },
    { url = "https://files.pythonhosted.org/packages/21/1b/0374a89ee27d152a5069c356c96b93afd1b94eae83f1e004b57eb6ce2f10/brotli-1.2.0-cp312-cp312-musllinux_1_2_aarch64.whl", hash = "sha256:adedc4a67e15327dfdd04884873c6d5a01d3e3b6f61406f99b1ed4865a2f6d28", size = 1484494, upload-time = "2025-11-05T18:38:29.29Z" },
    { url = "https://files.pythonhosted.org/packages/cf/57/69d4fe84a67aef4f524dcd075c6eee868d7850e85bf01d778a857d8dbe0a/brotli-1.2.0-cp312-cp312-musllinux_1_2_ppc64le.whl", hash = "sha256:7a47ce5c2288702e09dc22a44d0ee6152f2c7eda97b3c8482d826a1f3cfc7da7", size = 1593302, upload-time = "2025-11-05T18:38:30.639Z" },
    { url = "https://files.pythonhosted.org/packages/d5/3b/39e13ce78a8e9a621c5df3aeb5fd181fcc8caba8c48a194cd629771f6828/brotli-1.2.0-cp312-cp312-musllinux_1_2_x86_64.whl", hash = "sha256:af43b8711a8264bb4e7d6d9a6d004c3a2019c04c01127a868709ec29962b6036", size = 1487913, upload-time = "2025-11-05T18:38:31.618Z" },
    { url = "https://files.pythonhosted.org/packages/62/28/4d00cb9bd76a6357a66fcd54b4b6d70288385584063f4b07884c1e7286ac/brotli-1.2.0-cp312-cp312-win32.whl", hash = "sha256:e99befa0b48f3cd293dafeacdd0d191804d105d279e0b387a32054c1180f3161", size = 334362, upload-time = "2025-11-05T18:38:32.939Z" },
    { url = "https://files.pythonhosted.org/packages/1c/4e/bc1dcac9498859d5e353c9b153627a3752868a9d5f05ce8dedd81a2354ab/brotli-1.2.0-cp312-cp312-win_amd64.whl", hash = "sha256:b35c13ce241abdd44cb8ca70683f20c0c079728a36a996297adb5334adfc1c44", size = 369115, upload-time = "2025-11-05T18:38:33.765Z" },
    { url = "https://files.pythonhosted.org/packages/6c/d4/4ad5432ac98c73096159d9ce7ffeb82d151c2ac84adcc6168e476bb54674/brotli-1.2.0-cp313-cp313-macosx_10_13_universal2.whl", hash = "sha256:9e5825ba2c9998375530504578fd4d5d1059d09621a02065d1b6bfc41a8e05ab", size = 861523, upload-time = "2025-11-05T18:38:34.67Z" },
    { url = "https://files.pythonhosted.org/packages/91/9f/9cc5bd03ee68a85dc4bc89114f7067c056a3c14b3d95f171918c088bf88d/brotli-1.2.0-cp313-cp313-macosx_10_13_x86_64.whl", hash = "sha256:0cf8c3b8ba93d496b2fae778039e2f5ecc7cff99df84df337ca31d8f2252896c", size = 444289, upload-time = "2025-11-05T18:38:35.6Z" },
    { url = "https://files.pythonhosted.org/packages/2e/b6/fe84227c56a865d16a6614e2c4722864b380cb14b13f3e6bef441e73a85a/brotli-1.2.0-cp313-cp313-manylinux2014_aarch64.manylinux_2_17_aarch64.manylinux_2_28_aarch64.whl", hash = "sha256:c8565e3cdc1808b1a34714b553b262c5de5fbda202285782173ec137fd13709f", size = 1528076, upload-time = "2025-11-05T18:38:36.639Z" },
    { url = "https://files.pythonhosted.org/packages/55/de/de4ae0aaca06c790371cf6e7ee93a024f6b4bb0568727da8c3de112e726c/brotli-1.2.0-cp313-cp313-manylinux2014_ppc64le.manylinux_2_17_ppc64le.manylinux_2_28_ppc64le.whl", hash = "sha256:26e8d3ecb0ee458a9804f47f21b74845cc823fd1bb19f02272be70774f56e2a6", size = 1626880, upload-time = "2025-11-05T18:38:37.623Z" },
    { url = "https://files.pythonhosted.org/packages/5f/16/a1b22cbea436642e071adcaf8d4b350a2ad02f5e0ad0da879a1be16188a0/brotli-1.2.0-cp313-cp313-manylinux2014_x86_64.manylinux_2_17_x86_64.whl", hash = "sha256:67a91c5187e1eec76a61625c77a6c8c785650f5b576ca732bd33ef58b0dff49c", size = 1419737, upload-time = "2025-11-05T18:38:38.729Z" },
    { url = "https://files.pythonhosted.org/packages/46/63/c968a97cbb3bdbf7f974ef5a6ab467a2879b82afbc5ffb65b8acbb744f95/brotli-1.2.0-cp313-cp313-musllinux_1_2_aarch64.whl", hash = "sha256:4ecdb3b6dc36e6d6e14d3a1bdc6c1057c8cbf80db04031d566eb6080ce283a48", size = 1484440, upload-time = "2025-11-05T18:38:39.916Z" },
    { url = "https://files.pythonhosted.org/packages/06/9d/102c67ea5c9fc171f423e8399e585dabea29b5bc79b05572891e70013cdd/brotli-1.2.0-cp313-cp313-musllinux_1_2_ppc64le.whl", hash = "sha256:3e1b35d56856f3ed326b140d3c6d9db91740f22e14b06e840fe4bb1923439a18", size = 1593313, upload-time = "2025-11-05T18:38:41.24Z" },
    { url = "https://files.pythonhosted.org/packages/9e/4a/9526d14fa6b87bc827ba1755a8440e214ff90de03095cacd78a64abe2b7d/brotli-1.2.0-cp313-cp313-musllinux_1_2_x86_64.whl", hash = "sha256:54a50a9dad16b32136b2241ddea9e4df159b41247b2ce6aac0b3276a66a8f1e5", size = 1487945, upload-time = "2025-11-05T18:38:42.277Z" },
    { url = "https://files.pythonhosted.org/packages/5b/e8/3fe1ffed70cbef83c5236166acaed7bb9c766509b157854c80e2f766b38c/brotli-1.2.0-cp313-cp313-win32.whl", hash = "sha256:1b1d6a4efedd53671c793be6dd760fcf2107da3a52331ad9ea429edf0902f27a", size = 334368, upload-time = "2025-11-05T18:38:43.345Z" },
    { url = "https://files.pythonhosted.org/packages/ff/91/e739587be970a113b37b821eae8097aac5a48e5f0eca438c22e4c7dd8648/brotli-1.2.0-cp313-cp313-win_amd64.whl", hash = "sha256:b63daa43d82f0cdabf98dee215b375b4058cce72871fd07934f179885aad16e8", size = 369116, upload-time = "2025-11-05T18:38:44.609Z" },
    { url = "https://files.pythonhosted.org/packages/17/e1/298c2ddf786bb7347a1cd71d63a347a79e5712a7c0cba9e3c3458ebd976f/brotli-1.2.0-cp314-cp314-macosx_10_15_universal2.whl", hash = "sha256:6c12dad5cd04530323e723787ff762bac749a7b256a5bece32b2243dd5c27b21", size = 863080, upload-time = "2025-11-05T18:38:45.503Z" },
    { url = "https://files.pythonhosted.org/packages/84/0c/aac98e286ba66868b2b3b50338ffbd85a35c7122e9531a73a37a29763d38/brotli-1.2.0-cp314-cp314-macosx_10_15_x86_64.whl", hash = "sha256:3219bd9e69868e57183316ee19c84e03e8f8b5a1d1f2667e1aa8c2f91cb061ac", size = 445453, upload-time = "2025-11-05T18:38:46.433Z" },
    { url = "https://files.pythonhosted.org/packages/ec/f1/0ca1f3f99ae300372635ab3fe2f7a79fa335fee3d874fa7f9e68575e0e62/brotli-1.2.0-cp314-cp314-manylinux2014_aarch64.manylinux_2_17_aarch64.manylinux_2_28_aarch64.whl", hash = "sha256:963a08f3bebd8b75ac57661045402da15991468a621f014be54e50f53a58d19e", size = 1528168, upload-time = "2025-11-05T18:38:47.371Z" },
    { url = "https://files.pythonhosted.org/packages/d6/a6/2ebfc8f766d46df8d3e65b880a2e220732395e6d7dc312c1e1244b0f074a/brotli-1.2.0-cp314-cp314-manylinux2014_ppc64le.manylinux_2_17_ppc64le.manylinux_2_28_ppc64le.whl", hash = "sha256:9322b9f8656782414b37e6af884146869d46ab85158201d82bab9abbcb971dc7", size = 1627098, upload-time = "2025-11-05T18:38:48.385Z" },
    { url = "https://files.pythonhosted.org/packages/f3/2f/0976d5b097ff8a22163b10617f76b2557f15f0f39d6a0fe1f02b1a53e92b/brotli-1.2.0-cp314-cp314-manylinux2014_x86_64.manylinux_2_17_x86_64.whl", hash = "sha256:cf9cba6f5b78a2071ec6fb1e7bd39acf35071d90a81231d67e92d637776a6a63", size = 1419861, upload-time = "2025-11-05T18:38:49.372Z" },
    { url = "https://files.pythonhosted.org/packages/9c/97/d76df7176a2ce7616ff94c1fb72d307c9a30d2189fe877f3dd99af00ea5a/brotli-1.2.0-cp314-cp314-musllinux_1_2_aarch64.whl", hash = "sha256:7547369c4392b47d30a3467fe8c3330b4f2e0f7730e45e3103d7d636678a808b", size = 1484594, upload-time = "2025-11-05T18:38:50.655Z" },
    { url = "https://files.pythonhosted.org/packages/d3/93/14cf0b1216f43df5609f5b272050b0abd219e0b54ea80b47cef9867b45e7/brotli-1.2.0-cp314-cp314-musllinux_1_2_ppc64le.whl", hash = "sha256:fc1530af5c3c275b8524f2e24841cbe2599d74462455e9bae5109e9ff42e9361", size = 1593455, upload-time = "2025-11-05T18:38:51.624Z" },
    { url = "https://files.pythonhosted.org/packages/b3/73/3183c9e41ca755713bdf2cc1d0810df742c09484e2e1ddd693bee53877c1/brotli-1.2.0-cp314-cp314-musllinux_1_2_x86_64.whl", hash = "sha256:d2d085ded05278d1c7f65560aae97b3160aeb2ea2c0b3e26204856beccb60888", size = 1488164, upload-time = "2025-11-05T18:38:53.079Z" },
    { url = "https://files.pythonhosted.org/packages/64/6a/0c78d8f3a582859236482fd9fa86a65a60328a00983006bcf6d83b7b2253/brotli-1.2.0-cp314-cp314-win32.whl", hash = "sha256:832c115a020e463c2f67664560449a7bea26b0c1fdd690352addad6d0a08714d", size = 339280, upload-time = "2025-11-05T18:38:54.02Z" },
    { url = "https://files.pythonhosted.org/packages/f5/10/56978295c14794b2c12007b07f3e41ba26acda9257457d7085b0bb3bb90c/brotli-1.2.0-cp314-cp314-win_amd64.whl", hash = "sha256:e7c0af964e0b4e3412a0ebf341ea26ec767fa0b4cf81abb5e897c9338b5ad6a3", size = 375639, upload-time = "2025-11-05T18:38:55.67Z" },
]

[[package]]
name = "cachetools"
version = "7.1.1"
source = { registry = "https://pypi.org/simple" }
sdist = { url = "https://files.pythonhosted.org/packages/ff/e2/85f227594656000ff4d8adadae91a21f536d4a84c6c716a86bd6685874be/cachetools-7.1.1.tar.gz", hash = "sha256:27bdf856d68fd3c71c26c01b5edc312124ed427524d1ddb31aa2b7746fe20d4b", size = 40202, upload-time = "2026-05-03T20:00:29.391Z" }
wheels = [
    { url = "https://files.pythonhosted.org/packages/bf/0f/f897abe4ea0a8c408ae65c8c83bffab4936ad65d6032d4fb4cd35bbdc3ee/cachetools-7.1.1-py3-none-any.whl", hash = "sha256:0335cd7a0952d2b22327441fb0628139e234c565559eeb91a8a4ac7551c5353d", size = 16775, upload-time = "2026-05-03T20:00:27.857Z" },
]

[[package]]
name = "crcmod"
version = "1.7"
source = { registry = "https://pypi.org/simple" }
sdist = { url = "https://files.pythonhosted.org/packages/6b/b0/e595ce2a2527e169c3bcd6c33d2473c1918e0b7f6826a043ca1245dd4e5b/crcmod-1.7.tar.gz", hash = "sha256:dc7051a0db5f2bd48665a990d3ec1cc305a466a77358ca4492826f41f283601e", size = 89670, upload-time = "2010-06-27T14:35:29.538Z" }

[[package]]
name = "echo-show-5-los-cjk-font-fix"
version = "0.1.0"
source = { virtual = "." }
dependencies = [
    { name = "brotli" },
    { name = "ext4" },
    { name = "fonttools" },
]

[package.metadata]
requires-dist = [
    { name = "brotli", specifier = ">=1.1" },
    { name = "ext4", specifier = ">=1.0" },
    { name = "fonttools", specifier = ">=4.60" },
]

[[package]]
name = "ext4"
version = "1.4.1"
source = { registry = "https://pypi.org/simple" }
dependencies = [
    { name = "cachetools" },
    { name = "crcmod" },
]
sdist = { url = "https://files.pythonhosted.org/packages/14/8d/84e7acf421dee99646d263ef765025cc67782fe90b8dc2d7ea7029106ed5/ext4-1.4.1.tar.gz", hash = "sha256:48e92b5afa5d8a43518204a611d2318a301c894212a2c4823c00f49b953636c3", size = 25140, upload-time = "2026-05-15T04:44:51.726Z" }
wheels = [
    { url = "https://files.pythonhosted.org/packages/fa/f5/d3d5e5ff54049c9cf81e2a9c974c36220b42a1f60afbeacaf4f4a0e80e01/ext4-1.4.1-cp312-cp312-manylinux_2_34_aarch64.whl", hash = "sha256:fe1440304fc235b275802519b75d4ee446a64c583dca6bed62bcdc850de4ae42", size = 663155, upload-time = "2026-05-15T04:43:39.25Z" },
    { url = "https://files.pythonhosted.org/packages/b5/1a/27ec32c0e972b2b781ec062bb93e943721a1e22a7205c2e557613e6e07ae/ext4-1.4.1-cp312-cp312-manylinux_2_34_armv7l.manylinux_2_35_armv7l.whl", hash = "sha256:6061ca06dfdd536372802f0b1531e231945c31e6115d01a619b7869663863747", size = 696194, upload-time = "2026-05-15T04:43:41.22Z" },
    { url = "https://files.pythonhosted.org/packages/3a/84/a34dd591c0bbc437c23567532a92e0343200e8f127ecc6f0f492f04c5ba6/ext4-1.4.1-cp312-cp312-manylinux_2_34_i686.whl", hash = "sha256:345d7778cf5ae3dfd1a9524ad4b60637f648485b449b78d60667851c9e32499d", size = 776175, upload-time = "2026-05-15T04:43:42.73Z" },
    { url = "https://files.pythonhosted.org/packages/fa/b3/c42deabd93dccb6851590d5a4a222824b1abfcecce18dfdbe4949b1b346d/ext4-1.4.1-cp312-cp312-manylinux_2_34_ppc64le.whl", hash = "sha256:42a4b0a77a4d8789f1a760189bf19eb08cfd074f31e83e00fb4960a79bf13907", size = 753124, upload-time = "2026-05-15T04:43:44.738Z" },
    { url = "https://files.pythonhosted.org/packages/ef/79/9f8ada21210c0c513849c38c89892c7ca06d96c2e2cd3ec92463836f8f4a/ext4-1.4.1-cp312-cp312-manylinux_2_34_riscv64.manylinux_2_39_riscv64.whl", hash = "sha256:3af35c8cacb0b3af205893a543905ecfde56b0c54069da8b095295d43206197f", size = 707123, upload-time = "2026-05-15T04:43:46.724Z" },
    { url = "https://files.pythonhosted.org/packages/e0/9d/5b7a5dcd5c3891c31053d15ab5cbf65a89a97fdaed561ecd0e442f450c9f/ext4-1.4.1-cp312-cp312-manylinux_2_34_s390x.whl", hash = "sha256:7803ba5e9f76fa07b9a29615454d06abe702a8cae48e561f97164de01bac78a3", size = 787816, upload-time = "2026-05-15T04:43:48.322Z" },
    { url = "https://files.pythonhosted.org/packages/21/f1/b873e0ee6f097b8f278f1c87ff44b21b442450b18534d4dc86d14aa28951/ext4-1.4.1-cp312-cp312-manylinux_2_34_x86_64.whl", hash = "sha256:cb624b1b0b9cecc88684414de3d22e908631de9c2cc971858f1f871a53d2c75e", size = 739432, upload-time = "2026-05-15T04:43:50.02Z" },
    { url = "https://files.pythonhosted.org/packages/03/ed/0a8ef8f38a7db92c9b48ae0d82acb1a3f2f7f73d64978e3071c990a84962/ext4-1.4.1-cp312-cp312-musllinux_1_2_aarch64.whl", hash = "sha256:f8275fa13f54b251c5395a2eccc61e48fbb5bec431556af3933bd75944194c8c", size = 679832, upload-time = "2026-05-15T04:43:51.994Z" },
    { url = "https://files.pythonhosted.org/packages/b8/6e/4b70f4498a55d59ca8952a149b86728a9cd32d3294666cd1321b952c9a69/ext4-1.4.1-cp312-cp312-musllinux_1_2_armv7l.whl", hash = "sha256:8d5d5a911817043dad499e0e3e394565b63d0719bd6750a24476bb8036a62a5a", size = 685877, upload-time = "2026-05-15T04:43:53.714Z" },
    { url = "https://files.pythonhosted.org/packages/35/5d/37d4047a8e80aa2ec1c0b874b4277bc439900d7168c17d225157171a293a/ext4-1.4.1-cp312-cp312-musllinux_1_2_i686.whl", hash = "sha256:8e233fda7b4738304eb552d3d1f8479684d6c588b13dc0b045b0b4712925de5e", size = 791920, upload-time = "2026-05-15T04:43:55.232Z" },
    { url = "https://files.pythonhosted.org/packages/7e/40/6f86426fa6c322a2d93a35fdb82e775585f77e234c94278f0874aae806bc/ext4-1.4.1-cp312-cp312-musllinux_1_2_ppc64le.whl", hash = "sha256:d426934e166b317aee0a5d84f8d89ed2e65e6ec695c54c7a733a0f1dea5e9705", size = 771188, upload-time = "2026-05-15T04:43:56.799Z" },
    { url = "https://files.pythonhosted.org/packages/0b/2b/b25784bb2c8fcd87b7744edcc41744cf46ec83e301d3bc51a0488c734e0e/ext4-1.4.1-cp312-cp312-musllinux_1_2_riscv64.whl", hash = "sha256:58f78d8f095973faa6b4f6bd721a100f7a701c9de40ab0c9678be18b282e8706", size = 709057, upload-time = "2026-05-15T04:43:58.434Z" },
    { url = "https://files.pythonhosted.org/packages/d4/c1/17128a2cf36ce4d9d864243430f7c7819eac4224f2bc7bdd334e08ba8e03/ext4-1.4.1-cp312-cp312-musllinux_1_2_s390x.whl", hash = "sha256:759fdc86321d3ce117196328f195c2a00adaa33a2ac8cc58055dd1a2b61b7b2a", size = 786987, upload-time = "2026-05-15T04:44:00.288Z" },
    { url = "https://files.pythonhosted.org/packages/09/3d/101ae53141c35292b84a4cd381ee88e7804b205fd84369e1d2d8a5cb3a28/ext4-1.4.1-cp312-cp312-musllinux_1_2_x86_64.whl", hash = "sha256:2b8c96acce28d68aae2c3652c5be496e4ec55a0bf390e17b47faa1c8c85e6912", size = 751934, upload-time = "2026-05-15T04:44:02.455Z" },
    { url = "https://files.pythonhosted.org/packages/64/ac/0e2b4418941cfce3e5593e51561629aac6d8b1b473cb490912d6e3be9493/ext4-1.4.1-cp313-cp313-manylinux_2_34_aarch64.whl", hash = "sha256:caf45730c2b49da09ece9ce5161e8a16fd443c1e8a015e235424ac512e4f6a16", size = 672928, upload-time = "2026-05-15T04:44:04.156Z" },
    { url = "https://files.pythonhosted.org/packages/5c/98/0c792fd0786f42825c7b7a8c6f830146b6948647d92c0e9e4237c8169df3/ext4-1.4.1-cp313-cp313-manylinux_2_34_armv7l.manylinux_2_35_armv7l.whl", hash = "sha256:b8b123a695e7a7bbf6b819000fad9fc69cda526e707ab7af18c7b18f9462d7f8", size = 699973, upload-time = "2026-05-15T04:44:06.547Z" },
    { url = "https://files.pythonhosted.org/packages/d4/5c/e8a6e0a2e16ce6c92f28ebe18ecf2940f843991221aef1f63ae545935995/ext4-1.4.1-cp313-cp313-manylinux_2_34_i686.whl", hash = "sha256:583dbad25746ad95df3f68c1dbf1c9c19a601db6a404c308f957b7d3ec924d10", size = 784981, upload-time = "2026-05-15T04:44:08.147Z" },
    { url = "https://files.pythonhosted.org/packages/77/fe/5625a7c8efc3227122205096c23affa933fad27bed3e7ae258b8b7d6ebb0/ext4-1.4.1-cp313-cp313-manylinux_2_34_ppc64le.whl", hash = "sha256:c018b0226304fc8c0f3bd74ac4af846ef4995947e82191b58e3af8f23359edc3", size = 762113, upload-time = "2026-05-15T04:44:09.939Z" },
    { url = "https://files.pythonhosted.org/packages/8f/a0/3480b60334f2016ce5a80432a07d5135c763188b3242da0fac48ad080645/ext4-1.4.1-cp313-cp313-manylinux_2_34_riscv64.manylinux_2_39_riscv64.whl", hash = "sha256:f606467b9a53a56ca6e7f9b03ad1b63ab331dd4485b9719faebc2194f9eff0a1", size = 715176, upload-time = "2026-05-15T04:44:11.804Z" },
    { url = "https://files.pythonhosted.org/packages/2e/bc/ab3ec142a8b2d0628a820a15551ac30729be54346c13c78bda57d73d808d/ext4-1.4.1-cp313-cp313-manylinux_2_34_s390x.whl", hash = "sha256:a45a2acf3c18da29e7d2c6277170bfd819ed59c7c59aeaba5a2e168bcec2f5dc", size = 796219, upload-time = "2026-05-15T04:44:13.565Z" },
    { url = "https://files.pythonhosted.org/packages/1d/93/cbf2578fef3eca4bf5768776c501fdd9add4e218565fc5e876d495fb11a9/ext4-1.4.1-cp313-cp313-manylinux_2_34_x86_64.whl", hash = "sha256:b337e994533d56e6de7af6f59fc2f27ab4139c092c72af79bbb64bf26c141707", size = 747336, upload-time = "2026-05-15T04:44:15.239Z" },
    { url = "https://files.pythonhosted.org/packages/89/f6/726b5d6034eb8456d0dd3f1fdc75dadae393c02d9439980764423760161c/ext4-1.4.1-cp313-cp313-musllinux_1_2_aarch64.whl", hash = "sha256:7148d2b5d0f704d6829a2a35365961e06bb997a38f8acf1b6f651308294688c5", size = 687693, upload-time = "2026-05-15T04:44:16.784Z" },
    { url = "https://files.pythonhosted.org/packages/56/2c/ca6776e84cb6194de320f58988baac12f1c7495eca63d2713afa31f0bcb2/ext4-1.4.1-cp313-cp313-musllinux_1_2_armv7l.whl", hash = "sha256:0a9c7e717fe181af4aa0555020c619141110a3cf1bf1a939299d809fc9578631", size = 693091, upload-time = "2026-05-15T04:44:18.395Z" },
    { url = "https://files.pythonhosted.org/packages/0b/7a/efd913277556a7b100a9515d0c4dd9a19afbe5409b078909e44aa3e2944a/ext4-1.4.1-cp313-cp313-musllinux_1_2_i686.whl", hash = "sha256:66a7681113d74d682485e4333e2e86fcb0c416df49c80d394dd2bd41b6e7f4df", size = 798613, upload-time = "2026-05-15T04:44:20.246Z" },
    { url = "https://files.pythonhosted.org/packages/80/31/1c78f417097a04b0f8e05aadd0bc3913e6ed0b69b9621325ab2c6d569fdb/ext4-1.4.1-cp313-cp313-musllinux_1_2_ppc64le.whl", hash = "sha256:728c6ebac31dea5d418310ef4b7177a1f0413013aa633106fb06728e37a9d2f5", size = 777377, upload-time = "2026-05-15T04:44:22.177Z" },
    { url = "https://files.pythonhosted.org/packages/a1/e6/e1ab15fbcaf8412ee79aaea8c0cd483054ef8cbe827a1659ffffcfa711bd/ext4-1.4.1-cp313-cp313-musllinux_1_2_riscv64.whl", hash = "sha256:d2edc2807191ebac992da8dd948647f38dc01f6f69f835014ca7172b45a233a6", size = 719925, upload-time = "2026-05-15T04:44:23.725Z" },
    { url = "https://files.pythonhosted.org/packages/dd/6c/91aefc310516e5570d1c5ae22f23f163a0cfca5fc45a18540d6d0c8a668c/ext4-1.4.1-cp313-cp313-musllinux_1_2_s390x.whl", hash = "sha256:3cba3b5fc199b9a48c7a316d8a1bc63a6c38236b726b26e4cb2081a4f6e40ff9", size = 797692, upload-time = "2026-05-15T04:44:25.453Z" },
    { url = "https://files.pythonhosted.org/packages/ad/a8/6caa864ca554a34773f9218fdab713f90039d73e823e511642aed9467312/ext4-1.4.1-cp313-cp313-musllinux_1_2_x86_64.whl", hash = "sha256:a83521ea274bd9d812b83553a7b81711e1b732f8c80a69b62e2faa6409bc0935", size = 757838, upload-time = "2026-05-15T04:44:26.896Z" },
    { url = "https://files.pythonhosted.org/packages/63/9c/473e57d11fa043d0e5caeee9ea702a7f7ba3a163d2280fb4df9351be7956/ext4-1.4.1-cp314-cp314-manylinux_2_34_aarch64.whl", hash = "sha256:c6272c63c836b3617ed5dc69f0d37edcaa7305ee4076c05729005b626d5be282", size = 697789, upload-time = "2026-05-15T04:44:28.772Z" },
    { url = "https://files.pythonhosted.org/packages/42/b2/ca0b9911fdb775d4a57fce556bf4f61166ccac0beeb0b5b1b1e050e507aa/ext4-1.4.1-cp314-cp314-manylinux_2_34_armv7l.manylinux_2_35_armv7l.whl", hash = "sha256:f35f1f77c8571a4a274b5a64f5160cfb25eeecfb4b3c57ad47eeadaa17fa3120", size = 698097, upload-time = "2026-05-15T04:44:30.354Z" },
    { url = "https://files.pythonhosted.org/packages/00/f5/edb39ef9da6da1080b30961f1bb43bacd98a8ec5d23d4e0d80f0bd4f27ec/ext4-1.4.1-cp314-cp314-manylinux_2_34_ppc64le.whl", hash = "sha256:e04031f24a0f66e392c32e7b530f32d0a540dc09cc4243c7d37d3d8a1f0bceaa", size = 784275, upload-time = "2026-05-15T04:44:32.158Z" },
    { url = "https://files.pythonhosted.org/packages/09/8a/d36f1f8391f90562fb25b524ba85e4b6d7674385ff90b66d7477b8bf8073/ext4-1.4.1-cp314-cp314-manylinux_2_34_riscv64.manylinux_2_39_riscv64.whl", hash = "sha256:683dfe92ec1dc216d40f0deaab6b53f6ad2864e8c1475551ad5a4e09e94acaaf", size = 735202, upload-time = "2026-05-15T04:44:34.068Z" },
    { url = "https://files.pythonhosted.org/packages/77/25/2f62432eb941280e598d4f8feb6d4d9b2facf9797e6207d3c306e0f3a556/ext4-1.4.1-cp314-cp314-manylinux_2_34_s390x.whl", hash = "sha256:ef139dc9eb081bffacc934c287accd3acf214d940c2242a5d716ba912865f2ca", size = 821721, upload-time = "2026-05-15T04:44:35.735Z" },
    { url = "https://files.pythonhosted.org/packages/64/6c/2aaf3671d756f69b8b8877da89fa3bd893472314f4e086b3d5446c2be0c9/ext4-1.4.1-cp314-cp314-manylinux_2_34_x86_64.whl", hash = "sha256:66f6669faa61957b43cb605a6fe602be6e1a11d3db066f40ca7063ff1203d52a", size = 771226, upload-time = "2026-05-15T04:44:37.442Z" },
    { url = "https://files.pythonhosted.org/packages/29/c6/eafb67be5358b3fbf1b957571776fbad0b9e4dde13ef2807aca39265aee6/ext4-1.4.1-cp314-cp314-musllinux_1_2_aarch64.whl", hash = "sha256:3fcfe0a74d87cae499f1af111d9aafe263005c5567ea981e9553f6b1adea4e93", size = 710995, upload-time = "2026-05-15T04:44:39.367Z" },
    { url = "https://files.pythonhosted.org/packages/03/98/056bd1e1df32e6ccb1b6b417292b847748f62d5723ac80cf0c760a51e8de/ext4-1.4.1-cp314-cp314-musllinux_1_2_armv7l.whl", hash = "sha256:9449c93893baf511bcdd637c2660ad6196b6a95f2671e0ff7416912730017130", size = 686180, upload-time = "2026-05-15T04:44:41.009Z" },
    { url = "https://files.pythonhosted.org/packages/ac/12/384a29c960e6de8c16dd369d8d3464295dc5a49b1a346dd24cd5a825a959/ext4-1.4.1-cp314-cp314-musllinux_1_2_i686.whl", hash = "sha256:c31ee463e6e693c055a1545026bd864dbe14894b641fcf6379e1dc2005036d05", size = 813920, upload-time = "2026-05-15T04:44:42.511Z" },
    { url = "https://files.pythonhosted.org/packages/0a/82/3bd3ccc32e579adf0b7c65b65a0f6cfe403114c5d3c22821e2a797f91c1d/ext4-1.4.1-cp314-cp314-musllinux_1_2_ppc64le.whl", hash = "sha256:778ecfc20f2924cacb3128406333d148173f0cd999a4da8b91a24d0d0cc79d2b", size = 799434, upload-time = "2026-05-15T04:44:44.138Z" },
    { url = "https://files.pythonhosted.org/packages/58/5b/0962e5b1eaf8c7c3587fa02d23c68bfc388d3ccff5e7b016c45c0ad3edbd/ext4-1.4.1-cp314-cp314-musllinux_1_2_riscv64.whl", hash = "sha256:3c9baceb8721779754aa0780f7a1be507be2f9db844b087be2cf545a0f548262", size = 735456, upload-time = "2026-05-15T04:44:46.044Z" },
    { url = "https://files.pythonhosted.org/packages/f2/15/adad74db8710244a4a2134e659c9f84c2edf89f2025ce15540765e1697ff/ext4-1.4.1-cp314-cp314-musllinux_1_2_s390x.whl", hash = "sha256:98642120367fa1bfc138bc974918bb35bc40bd374bc06d68da9140ac3ec6ab7a", size = 824890, upload-time = "2026-05-15T04:44:47.623Z" },
    { url = "https://files.pythonhosted.org/packages/9b/c6/1e7117d0e17f6adbb4779088aec8f492d374ac9bb8fbf1a6f216ec1d9345/ext4-1.4.1-cp314-cp314-musllinux_1_2_x86_64.whl", hash = "sha256:ffdda0cc822700f454150e1b769d532e6c7329c5bf51a4fc9b454bf87b27022d", size = 780284, upload-time = "2026-05-15T04:44:49.061Z" },
    { url = "https://files.pythonhosted.org/packages/e4/9b/32ffae636b8ad3a7568ec810ca4c106f4c9ba3d3bde1621a062d027155e0/ext4-1.4.1-py3-none-any.whl", hash = "sha256:a92ce289160162d6e68a9ccc9c717184bfa65c1b547de6bd801b248bd98daede", size = 29633, upload-time = "2026-05-15T04:44:50.636Z" },
]

[[package]]
name = "fonttools"
version = "4.65.0"
source = { registry = "https://pypi.org/simple" }
sdist = { url = "https://files.pythonhosted.org/packages/77/51/d63c7e52163ac14393a35bd14bd7c0da95f8f74be5d7cc988092f9965129/fonttools-4.65.0.tar.gz", hash = "sha256:762ba5431358d0dbd4a01982484a1d494fb267e91f974cdcf20b80eab8560f6f", size = 3674467, upload-time = "2026-09-10T15:35:54.955Z" }
wheels = [
    { url = "https://files.pythonhosted.org/packages/58/db/242fa4fce7f632c5f7ab15585343393b25792510c0c32bd218ad24d59f1c/fonttools-4.65.0-cp312-cp312-macosx_10_13_universal2.whl", hash = "sha256:e844a45c9e5ced6536f184cf1a65b5d65e8f7e711993b413e10500a8223622e5", size = 3097120, upload-time = "2026-09-10T15:33:46Z" },
    { url = "https://files.pythonhosted.org/packages/a0/b6/42fa4d373416675f74446421cf0b2badb82a4245c60745f05f424f75c649/fonttools-4.65.0-cp312-cp312-macosx_10_13_x86_64.whl", hash = "sha256:b30e953de049bf43fc0a63c7d0c44d205c923e4bbf24716aae1518c0e65f977c", size = 2584658, upload-time = "2026-09-10T15:33:48.473Z" },
    { url = "https://files.pythonhosted.org/packages/75/6f/d589b9d62280a846c77a2c383d852c6dcb79ae8aa02bf0fa46c8577af145/fonttools-4.65.0-cp312-cp312-manylinux2014_aarch64.manylinux_2_17_aarch64.manylinux_2_28_aarch64.whl", hash = "sha256:09c34bdeed8915bfb53bee0c8ed2254dbd8ec69c0014b7f3702f347c049bf358", size = 5425737, upload-time = "2026-09-10T15:33:51.473Z" },
    { url = "https://files.pythonhosted.org/packages/b5/09/de2c0c20a42c18e565a2617932beb08c06697bbdd0d3f62b108262e11583/fonttools-4.65.0-cp312-cp312-manylinux2014_x86_64.manylinux_2_17_x86_64.whl", hash = "sha256:05595385ae99f4b9626cebb973bf171b8fe38a8f40708e6e42abba0ed7537778", size = 5402463, upload-time = "2026-09-10T15:33:54.907Z" },
    { url = "https://files.pythonhosted.org/packages/79/2e/bc0f5c9dce21821454bb5812d3b23410bca33c8bbd5468386d0327aa0cff/fonttools-4.65.0-cp312-cp312-musllinux_1_2_aarch64.whl", hash = "sha256:d95b34dd68fbfc0e4a1740c421597656117f979ed8dc85de66e08f9f9981806e", size = 5362168, upload-time = "2026-09-10T15:33:57.481Z" },
    { url = "https://files.pythonhosted.org/packages/1f/0d/2116763ade7e71e0e5d421babe1785d745be9b3d605bf914792ce1c97f79/fonttools-4.65.0-cp312-cp312-musllinux_1_2_x86_64.whl", hash = "sha256:924d06e6130429168318db71c40174a765ad016fc4b56ca811287e3d7373b3a6", size = 5524117, upload-time = "2026-09-10T15:34:00.021Z" },
    { url = "https://files.pythonhosted.org/packages/e2/5e/f9600553b9f645e3068553831685ff1dab6259536a23b38d2e048de38f17/fonttools-4.65.0-cp312-cp312-win32.whl", hash = "sha256:04f73dd01005752a6e75cf4a8dc6b70dc724d1d4bc34cc89522153f4a2f07680", size = 2432089, upload-time = "2026-09-10T15:34:02.803Z" },
    { url = "https://files.pythonhosted.org/packages/3a/02/e436a6a1863b9862bab9f82d6da33055dd7aa3738017edd902a163525dc2/fonttools-4.65.0-cp312-cp312-win_amd64.whl", hash = "sha256:3b5d9ba89edf778b376e669b879ae33a198bf45cf5a23c3f6514f935cf9d0d9d", size = 2483475, upload-time = "2026-09-10T15:34:05.09Z" },
    { url = "https://files.pythonhosted.org/packages/c4/5c/343a4225e83eb06f82c1d8bf41fc5e5f71eab2f62bc7ca215c764722c0a9/fonttools-4.65.0-cp313-cp313-macosx_10_13_universal2.whl", hash = "sha256:8b7bb52817a24731d2e4f4df0e71fdde05e6c806c8f8f1517b015d142fdacfa5", size = 3094663, upload-time = "2026-09-10T15:34:07.235Z" },
    { url = "https://files.pythonhosted.org/packages/9b/c9/49b2401be932741d9218181c08948c96db32eab21ecaaf79283b752e13e7/fonttools-4.65.0-cp313-cp313-macosx_10_13_x86_64.whl", hash = "sha256:e2c21772fcf70325189707b19f346812690bb1b0bd7e207e6ac205244806b303", size = 2584521, upload-time = "2026-09-10T15:34:09.648Z" },
    { url = "https://files.pythonhosted.org/packages/51/c9/48b07e6c5cf44fa56f758a04c3772a66c0e9ba82bbe22077e4076746a62b/fonttools-4.65.0-cp313-cp313-manylinux2014_aarch64.manylinux_2_17_aarch64.manylinux_2_28_aarch64.whl", hash = "sha256:64c9b26816415b5e3d899e9077109d327b22140fe3c4066644d8cdbad5bb1569", size = 5395399, upload-time = "2026-09-10T15:34:12.38Z" },
    { url = "https://files.pythonhosted.org/packages/fa/2d/5cc5a10c8ed56079d6c2e9e3e5920622529a2ae045c9f47a6055ccb1a319/fonttools-4.65.0-cp313-cp313-manylinux2014_x86_64.manylinux_2_17_x86_64.whl", hash = "sha256:6dd6243f60e2d6160c2966e1e14020dc261ffd741b69a2e4ca8bfd051592e4b7", size = 5376659, upload-time = "2026-09-10T15:34:15.239Z" },
    { url = "https://files.pythonhosted.org/packages/ab/6f/ccf33739d936bb3afa1655a225be7ee5d63d6d3c8b7d0e570bc5a2a7b899/fonttools-4.65.0-cp313-cp313-musllinux_1_2_aarch64.whl", hash = "sha256:834962fd7cf21c58e81ac50a59e6ed2306f9df5e3dd481dad1cd7d2c4c60b773", size = 5336795, upload-time = "2026-09-10T15:34:17.817Z" },
    { url = "https://files.pythonhosted.org/packages/7e/c1/ffd17483f2094f0f4118974295b514b5b82afd4f6e3c80c23f01684e97a6/fonttools-4.65.0-cp313-cp313-musllinux_1_2_x86_64.whl", hash = "sha256:580eb68ff7bd6954a7a76afddd864bfc66eaaf5f5c20dd6ead9186d0055a4ffe", size = 5496530, upload-time = "2026-09-10T15:34:20.241Z" },
    { url = "https://files.pythonhosted.org/packages/b1/19/9aca7712d0676ba5f8d1530ce20478a9bb09cccd0153d56693337379cdcf/fonttools-4.65.0-cp313-cp313-win32.whl", hash = "sha256:7a18b2ffd44249fe84289253197aa65ad4f2de554c0d381f18b1f5939bc6bc60", size = 2430392, upload-time = "2026-09-10T15:34:22.906Z" },
    { url = "https://files.pythonhosted.org/packages/1f/6f/f015dea0f4354e0798751b657cea2dee482914737f88bf1a078349ce92cf/fonttools-4.65.0-cp313-cp313-win_amd64.whl", hash = "sha256:8ae1846b0f192fd485d26a455af19b8f5cf05aff08f9836f533913d8fcea133c", size = 2481620, upload-time = "2026-09-10T15:34:25.816Z" },
    { url = "https://files.pythonhosted.org/packages/64/29/606365ef601668bfebed14cfe3dc72bb7fcd1e23011bbb2833f17fea3065/fonttools-4.65.0-cp314-cp314-macosx_10_15_universal2.whl", hash = "sha256:dc87a9f846bec83c3795804f62b4632716d46e3522869a3dd9cd44a5d245b006", size = 3098393, upload-time = "2026-09-10T15:34:28.472Z" },
    { url = "https://files.pythonhosted.org/packages/c7/61/11412939d6b7abf5ac7ce0d61d7f94a0a4fbabc9f1ab0a04fa622e0fc11c/fonttools-4.65.0-cp314-cp314-macosx_10_15_x86_64.whl", hash = "sha256:aa50dd7b9baf75e2bbd43401fc0d237f7a94a8ad2e0c57ea97160fc631af5eb0", size = 2585766, upload-time = "2026-09-10T15:34:31.207Z" },
    { url = "https://files.pythonhosted.org/packages/db/17/734921d8aee8309801da42590375d32d4d46f771b73373ec9520d5d4220b/fonttools-4.65.0-cp314-cp314-manylinux2014_aarch64.manylinux_2_17_aarch64.manylinux_2_28_aarch64.whl", hash = "sha256:0d2a9892fdb3b7e2d0f4174e3b907d226ff83698249762eeefce08ec5b2de1dd", size = 5380679, upload-time = "2026-09-10T15:34:33.933Z" },
    { url = "https://files.pythonhosted.org/packages/cf/eb/2a4d78d60d978e694cfa04c98e4d8ddbf7f028fd768ddef470bb9da5d69e/fonttools-4.65.0-cp314-cp314-manylinux2014_x86_64.manylinux_2_17_x86_64.whl", hash = "sha256:6d815734e7fede0ad1f233f23f0f191cbe8fc64762ff041e589bc0f78e0b2397", size = 5321833, upload-time = "2026-09-10T15:34:36.295Z" },
    { url = "https://files.pythonhosted.org/packages/d9/ca/1cd48b5c11ef9658732787bf2362e1bf3871dad5945d2f6cc8f675ca769c/fonttools-4.65.0-cp314-cp314-musllinux_1_2_aarch64.whl", hash = "sha256:71e4c67b6196a2f447f46476fd2302604721617f5e0a21b0988bdd87b6bb9687", size = 5320938, upload-time = "2026-09-10T15:34:38.992Z" },
    { url = "https://files.pythonhosted.org/packages/c6/0d/90e6051bded926cccabe9dd0bce3b6ca012f4d5779d61167afbf4989ceb6/fonttools-4.65.0-cp314-cp314-musllinux_1_2_x86_64.whl", hash = "sha256:b11d8a4a0c3ca74bbd4c105b7ef82501945c939e6096d9934ec7d288cdf5aaa9", size = 5451747, upload-time = "2026-09-10T15:34:41.387Z" },
    { url = "https://files.pythonhosted.org/packages/18/74/23e0268e48029ff0752083f69312c49b738163d5af919add9dc4ac81e907/fonttools-4.65.0-cp314-cp314-win32.whl", hash = "sha256:8e44a34d91b3c793879767eb115867ced74d2eb94974e64e72fe9e2eea71cf1a", size = 2434246, upload-time = "2026-09-10T15:34:44.385Z" },
    { url = "https://files.pythonhosted.org/packages/a1/2d/ee69affecd4bc81cb932a213438d4199fb48bf8ca6d664438ccc7f623c2a/fonttools-4.65.0-cp314-cp314-win_amd64.whl", hash = "sha256:0aa8901db22875c831d6a91796549590d7e747da37438f38b69d771b668be445", size = 2486706, upload-time = "2026-09-10T15:34:46.842Z" },
    { url = "https://files.pythonhosted.org/packages/8e/9c/edee5f785198ce3327e1ddeace91c773122d47f086a67e0a84b800f4a940/fonttools-4.65.0-cp314-cp314t-macosx_10_15_universal2.whl", hash = "sha256:2e4a380ca40d3a5372e31b340f0da0d53b4583aadbb8e41f6a516afa69c509a4", size = 3172027, upload-time = "2026-09-10T15:34:49.269Z" },
    { url = "https://files.pythonhosted.org/packages/9c/c6/252ec9884381089bc30da75978b072593920249de60219817f16cbc9145f/fonttools-4.65.0-cp314-cp314t-macosx_10_15_x86_64.whl", hash = "sha256:661bd91c4be13721408b2d4b67a9b3fa7736713adc9a6c9780c9c60fc7959f90", size = 2619020, upload-time = "2026-09-10T15:34:51.453Z" },
    { url = "https://files.pythonhosted.org/packages/42/79/f71b0d202b8473bb45b07876c08a474de9fe560ed2c0cde642812a81e22a/fonttools-4.65.0-cp314-cp314t-manylinux2014_aarch64.manylinux_2_17_aarch64.manylinux_2_28_aarch64.whl", hash = "sha256:62c5e42c79449def957adf8a9a65a43018efa7e2a6bc6baa3afe955e0d5fb2ab", size = 5545942, upload-time = "2026-09-10T15:34:54.804Z" },
    { url = "https://files.pythonhosted.org/packages/4a/bd/52e1bf33e0aebfe22ecc9a85c634db707c1dd9f6b1b438efeed98c55b959/fonttools-4.65.0-cp314-cp314t-manylinux2014_x86_64.manylinux_2_17_x86_64.whl", hash = "sha256:36fca8efc46b5adfca327c666e739fc05b7a7a6ef17840230f81b22f53230f61", size = 5351477, upload-time = "2026-09-10T15:34:57.514Z" },
    { url = "https://files.pythonhosted.org/packages/5c/76/8c6b2ad20beec95cd446f3a8bdc753c7e4a4fd69ef3e66704c0f7c8cb0b5/fonttools-4.65.0-cp314-cp314t-musllinux_1_2_aarch64.whl", hash = "sha256:8aa1291e4c767abf1b0b79ca2d6895f7c0b661d9d95d03b5791c883a9d1e1f08", size = 5412271, upload-time = "2026-09-10T15:35:00.895Z" },
    { url = "https://files.pythonhosted.org/packages/79/49/fadbf11bbbd2d699d88a5498a0634280206e01e3bd5da9a4e0c504953ce9/fonttools-4.65.0-cp314-cp314t-musllinux_1_2_x86_64.whl", hash = "sha256:fcf39949f56911348514b466714efa9118bec3d2be249e1c487263f7cda6edab", size = 5446450, upload-time = "2026-09-10T15:35:03.369Z" },
    { url = "https://files.pythonhosted.org/packages/df/77/5fda646d3a6d5ee26465865c00319cc0925cf484a3b42dd8232d5b39f973/fonttools-4.65.0-cp314-cp314t-win32.whl", hash = "sha256:ffc918702661f1d74d2fbb2f5551036b64f6d2d743139e105289b694bcd16f54", size = 2467858, upload-time = "2026-09-10T15:35:05.744Z" },
    { url = "https://files.pythonhosted.org/packages/ae/0f/afa0f3de70ebe02bba46b32cccb30b1de52624472b14ac2e7cd403d08db9/fonttools-4.65.0-cp314-cp314t-win_amd64.whl", hash = "sha256:5a977e3645dbffaee924209828aa702a215f7ff68bc08010740c10c723787e62", size = 2518248, upload-time = "2026-09-10T15:35:07.846Z" },
    { url = "https://files.pythonhosted.org/packages/86/54/b273cf5712b36a381c13284fbf244e811e1e1d7081aed20f200f0a191ffa/fonttools-4.65.0-cp315-cp315-macosx_10_15_universal2.whl", hash = "sha256:7aa0518b45ff5286ad56f063938db3add3816e899aab58d782b3f9a252523caa", size = 3092770, upload-time = "2026-09-10T15:35:10.868Z" },
    { url = "https://files.pythonhosted.org/packages/36/1d/d3e4511475954d4ec4f3c254e81f0fcc1ade504cb7381eeca48b8c44b8a6/fonttools-4.65.0-cp315-cp315-macosx_10_15_x86_64.whl", hash = "sha256:673e2b3ac4ac8e4f3607d390ecc5a606e5db5c4e88fb4cb2999593efb65afea2", size = 2584364, upload-time = "2026-09-10T15:35:13.54Z" },
    { url = "https://files.pythonhosted.org/packages/e5/3f/7cfaba467bdd1d3d04be21ba7b5bd75c6ca58ba280e0519707ca96a43c4d/fonttools-4.65.0-cp315-cp315-manylinux2014_aarch64.manylinux_2_17_aarch64.manylinux_2_28_aarch64.whl", hash = "sha256:7a03cff943b204a90bf3d1c04c97b9509a8aa0ee99e2e544084ca43ad995975b", size = 5377819, upload-time = "2026-09-10T15:35:15.839Z" },
    { url = "https://files.pythonhosted.org/packages/25/17/a68d9b19a97bb2ee37e8098fea50657073df97c7e5392afbe1b9d7c0c581/fonttools-4.65.0-cp315-cp315-manylinux2014_x86_64.manylinux_2_17_x86_64.whl", hash = "sha256:41f684ee6212e411196ab054f8308faf6605f154950e6f4686fb8f2103d624b0", size = 5341296, upload-time = "2026-09-10T15:35:18.527Z" },
    { url = "https://files.pythonhosted.org/packages/ad/8d/d744653ed607a241339015d4af6743ca3d85a74a2045a02cc06ea0383c71/fonttools-4.65.0-cp315-cp315-musllinux_1_2_aarch64.whl", hash = "sha256:52ea9d2a8385075770db74d5e5718fa80b2222bb4fc62856a377dd2865ca8848", size = 5315310, upload-time = "2026-09-10T15:35:20.853Z" },
    { url = "https://files.pythonhosted.org/packages/f0/c8/1ca6dc69cbaa0e394ff70d9e266777124d3ce3c6433026a6b4de50b890ae/fonttools-4.65.0-cp315-cp315-musllinux_1_2_x86_64.whl", hash = "sha256:d0d25027ade65ec46b13c0436e51bcb7c5171a4ea255a5e7a8d0d1d3ab4cffd7", size = 5463840, upload-time = "2026-09-10T15:35:24.022Z" },
    { url = "https://files.pythonhosted.org/packages/07/97/d374df38a14f2ac04ba9ed96bca89d4988e7d63aa5ed85c54fd8f2badd7d/fonttools-4.65.0-cp315-cp315-win32.whl", hash = "sha256:22cb846d35d278235ef3b7e947c6040b2057d72e8305a314f21d5342eca49040", size = 2433149, upload-time = "2026-09-10T15:35:26.59Z" },
    { url = "https://files.pythonhosted.org/packages/62/c5/eb8f7506faf6a70c5a8f2eccbeea3cd826c748a6fd78c7b4b3effb5a3a11/fonttools-4.65.0-cp315-cp315-win_amd64.whl", hash = "sha256:aecc899fdbf9ecbf728f8977977e2e1043ee4d70c257124c8fa4cbcf796fcd83", size = 2485725, upload-time = "2026-09-10T15:35:28.945Z" },
    { url = "https://files.pythonhosted.org/packages/f1/a4/2df0d97514feb8d857d5de854cd8d660d9a7ee1fd081bc98497124f515a8/fonttools-4.65.0-cp315-cp315t-macosx_10_15_universal2.whl", hash = "sha256:6275863dad195ee34b6e0ca3fc61c74096bc37e5d6fb8e049f4d68d65865a2b7", size = 3164065, upload-time = "2026-09-10T15:35:31.197Z" },
    { url = "https://files.pythonhosted.org/packages/15/33/e09661c09e6c8a3b0bd50da0e72918df7576dede31f39c948cc245011434/fonttools-4.65.0-cp315-cp315t-macosx_10_15_x86_64.whl", hash = "sha256:d8ffd2f62b402180b0edae8f86a071f583970e2177143117db5cf4c52da60079", size = 2615195, upload-time = "2026-09-10T15:35:33.569Z" },
    { url = "https://files.pythonhosted.org/packages/64/d7/114b05f4193679d0935272220083ec43de7f918b5a777018c5ac5c1ae39e/fonttools-4.65.0-cp315-cp315t-manylinux2014_aarch64.manylinux_2_17_aarch64.manylinux_2_28_aarch64.whl", hash = "sha256:830f91327ca83bfc1278e7060068a498938f84d05dc4869675486f84f55d4fe1", size = 5521239, upload-time = "2026-09-10T15:35:36.291Z" },
    { url = "https://files.pythonhosted.org/packages/ba/10/67d615939f859ffe75663a67bca3593966febbcd0109ec72f20f73cbb4cc/fonttools-4.65.0-cp315-cp315t-manylinux2014_x86_64.manylinux_2_17_x86_64.whl", hash = "sha256:9db2cb95847c18eef74a4ef0fe257a893ae3f4b0395f4866e2f426ab07f3d804", size = 5343802, upload-time = "2026-09-10T15:35:38.82Z" },
    { url = "https://files.pythonhosted.org/packages/d1/06/faa793a806da03acce862fbed353f76026b28103d43860d69be9a6a1f0fd/fonttools-4.65.0-cp315-cp315t-musllinux_1_2_aarch64.whl", hash = "sha256:be9b9a95ed0af03375e99020e921c4bc6b41fad10e053dea7acad370521a3c46", size = 5388482, upload-time = "2026-09-10T15:35:41.616Z" },
    { url = "https://files.pythonhosted.org/packages/53/d2/eb7258df60e634db60c9a8cd72bc9eaf8dea409d1b1ceec3b9fb49531ad2/fonttools-4.65.0-cp315-cp315t-musllinux_1_2_x86_64.whl", hash = "sha256:bbd9faf777a9deb6790df4f2b0be611857c45fe86605e840d7154a028d828af7", size = 5435088, upload-time = "2026-09-10T15:35:44.639Z" },
    { url = "https://files.pythonhosted.org/packages/00/6a/58597f16e1265fe9205de3069e338a339e3eef0b1daf049ee08269458091/fonttools-4.65.0-cp315-cp315t-win32.whl", hash = "sha256:c779d838815b91889c95ed64c9be5950ad5a683279f91aeb23384cb757ddc6a3", size = 2464925, upload-time = "2026-09-10T15:35:47.224Z" },
    { url = "https://files.pythonhosted.org/packages/4b/95/122fc172006db747f4968e08c710f52a94f55eb007173b859b3f80b5b810/fonttools-4.65.0-cp315-cp315t-win_amd64.whl", hash = "sha256:d9484b7ee1b49b6b8a0231c849f3983723dec29e3a7366d9b1b02f4036f71944", size = 2513945, upload-time = "2026-09-10T15:35:49.895Z" },
    { url = "https://files.pythonhosted.org/packages/e6/35/f894ceb867118c0261d0f69a9bd516b045a3754238f76c88a49513ac7a83/fonttools-4.65.0-py3-none-any.whl", hash = "sha256:3060b8c1fc2329fa20265b7c138614143ea7c1624e26c5c180c76aeb74deae6f", size = 1196441, upload-time = "2026-09-10T15:35:52.347Z" },
]
